
Microsoft Visual Studio Solution File, Format Version 12.00
# Visual Studio Version 17
VisualStudioVersion = 17.7.34031.279
MinimumVisualStudioVersion = 10.0.40219.1
Project("{9A19103F-16F7-4668-BE54-9A1E7A4F7556}") = "MapTP.App", "MapTP.App\MapTP.App.csproj", "{F5217DE5-48E8-404D-A4F0-15B88C21B5E4}"
EndProject
Global
	GlobalSection(SolutionConfigurationPlatforms) = preSolution
		Debug|Any CPU = Debug|Any CPU
		Release|Any CPU = Release|Any CPU
	EndGlobalSection
	GlobalSection(ProjectConfigurationPlatforms) = postSolution
		{F5217DE5-48E8-404D-A4F0-15B88C21B5E4}.Debug|Any CPU.ActiveCfg = Debug|Any CPU
		{F5217DE5-48E8-404D-A4F0-15B88C21B5E4}.Debug|Any CPU.Build.0 = Debug|Any CPU
		{F5217DE5-48E8-404D-A4F0-15B88C21B5E4}.Release|Any CPU.ActiveCfg = Release|Any CPU
		{F5217DE5-48E8-404D-A4F0-15B88C21B5E4}.Release|Any CPU.Build.0 = Release|Any CPU
	EndGlobalSection
	GlobalSection(SolutionProperties) = preSolution
		HideSolutionNode = FALSE
	EndGlobalSection
	GlobalSection(ExtensibilityGlobals) = postSolution
		SolutionGuid = {135BCA7D-504A-4D24-AE80-E3578975CFCD}
	EndGlobalSection
EndGlobal
